// !$*UTF8*$!
{
	archiveVersion = 1;
	classes = {
	};
	objectVersion = 51;
	objects = {

/* Begin PBXBuildFile section */
		7E395E4626A7A6B2002758B7 /* AppDelegate.swift in Sources */ = {isa = PBXBuildFile; fileRef = 7E395E4526A7A6B2002758B7 /* AppDelegate.swift */; };
		7E395E4826A7A6B2002758B7 /* SceneDelegate.swift in Sources */ = {isa = PBXBuildFile; fileRef = 7E395E4726A7A6B2002758B7 /* SceneDelegate.swift */; };
		7E395E4A26A7A6B2002758B7 /* ViewController.swift in Sources */ = {isa = PBXBuildFile; fileRef = 7E395E4926A7A6B2002758B7 /* ViewController.swift */; };
		7E395E4D26A7A6B2002758B7 /* Main.storyboard in Resources */ = {isa = PBXBuildFile; fileRef = 7E395E4B26A7A6B2002758B7 /* Main.storyboard */; };
		7E395E4F26A7A6B3002758B7 /* Assets.xcassets in Resources */ = {isa = PBXBuildFile; fileRef = 7E395E4E26A7A6B3002758B7 /* Assets.xcassets */; };
		7E395E5226A7A6B3002758B7 /* LaunchScreen.storyboard in Resources */ = {isa = PBXBuildFile; fileRef = 7E395E5026A7A6B3002758B7 /* LaunchScreen.storyboard */; };
		7E395E5D26A7A6B3002758B7 /* numberIDTests.swift in Sources */ = {isa = PBXBuildFile; fileRef = 7E395E5C26A7A6B3002758B7 /* numberIDTests.swift */; };
		7E395E6826A7A6B3002758B7 /* numberIDUITests.swift in Sources */ = {isa = PBXBuildFile; fileRef = 7E395E6726A7A6B3002758B7 /* numberIDUITests.swift */; };
		7E395E7626A7AC0B002758B7 /* ResultViewController.swift in Sources */ = {isa = PBXBuildFile; fileRef = 7E395E7526A7AC0B002758B7 /* ResultViewController.swift */; };
		B1050D2D8A1C453FA415DCB8 /* Pods_numberID.framework in Frameworks */ = {isa = PBXBuildFile; fileRef = FBE905B5AE14FEDCFC06BDE7 /* Pods_numberID.framework */; };
		C84DB475D44FE466BD4FA170 /* Pods_numberID_numberIDUITests.framework in Frameworks */ = {isa = PBXBuildFile; fileRef = DD7DF38E4550A6D975BCD1FC /* Pods_numberID_numberIDUITests.framework */; };
		EE336D60E38CDBDF635665E6 /* Pods_numberIDTests.framework in Frameworks */ = {isa = PBXBuildFile; fileRef = 574A86CCF7494CD8356F8B29 /* Pods_numberIDTests.framework */; };
/* End PBXBuildFile section */

/* Begin PBXContainerItemProxy section */
		7E395E5926A7A6B3002758B7 /* PBXContainerItemProxy */ = {
			isa = PBXContainerItemProxy;
			containerPortal = 7E395E3A26A7A6B2002758B7 /* Project object */;
			proxyType = 1;
			remoteGlobalIDString = 7E395E4126A7A6B2002758B7;
			remoteInfo = numberID;
		};
		7E395E6426A7A6B3002758B7 /* PBXContainerItemProxy */ = {
			isa = PBXContainerItemProxy;
			containerPortal = 7E395E3A26A7A6B2002758B7 /* Project object */;
			proxyType = 1;
			remoteGlobalIDString = 7E395E4126A7A6B2002758B7;
			remoteInfo = numberID;
		};
/* End PBXContainerItemProxy section */

/* Begin PBXFileReference section */
		0005FB6FE636D85B0AF7D157 /* Pods-numberID.release.xcconfig */ = {isa = PBXFileReference; includeInIndex = 1; lastKnownFileType = text.xcconfig; name = "Pods-numberID.release.xcconfig"; path = "Target Support Files/Pods-numberID/Pods-numberID.release.xcconfig"; sourceTree = "<group>"; };
		0D136F0ED542DBBE43CFFB5D /* Pods-numberID-numberIDUITests.debug.xcconfig */ = {isa = PBXFileReference; includeInIndex = 1; lastKnownFileType = text.xcconfig; name = "Pods-numberID-numberIDUITests.debug.xcconfig"; path = "Target Support Files/Pods-numberID-numberIDUITests/Pods-numberID-numberIDUITests.debug.xcconfig"; sourceTree = "<group>"; };
		1E3E386FB77A00FA5F3D95D5 /* Pods-numberID.debug.xcconfig */ = {isa = PBXFileReference; includeInIndex = 1; lastKnownFileType = text.xcconfig; name = "Pods-numberID.debug.xcconfig"; path = "Target Support Files/Pods-numberID/Pods-numberID.debug.xcconfig"; sourceTree = "<group>"; };
		4F54B25CF6732BF96DA47045 /* Pods-numberIDTests.debug.xcconfig */ = {isa = PBXFileReference; includeInIndex = 1; lastKnownFileType = text.xcconfig; name = "Pods-numberIDTests.debug.xcconfig"; path = "Target Support Files/Pods-numberIDTests/Pods-numberIDTests.debug.xcconfig"; sourceTree = "<group>"; };
		53B5B4706F3413A3E5D87DC6 /* Pods-numberIDTests.release.xcconfig */ = {isa = PBXFileReference; includeInIndex = 1; lastKnownFileType = text.xcconfig; name = "Pods-numberIDTests.release.xcconfig"; path = "Target Support Files/Pods-numberIDTests/Pods-numberIDTests.release.xcconfig"; sourceTree = "<group>"; };
		574A86CCF7494CD8356F8B29 /* Pods_numberIDTests.framework */ = {isa = PBXFileReference; explicitFileType = wrapper.framework; includeInIndex = 0; path = Pods_numberIDTests.framework; sourceTree = BUILT_PRODUCTS_DIR; };
		7E395E4226A7A6B2002758B7 /* numberID.app */ = {isa = PBXFileReference; explicitFileType = wrapper.application; includeInIndex = 0; path = numberID.app; sourceTree = BUILT_PRODUCTS_DIR; };
		7E395E4526A7A6B2002758B7 /* AppDelegate.swift */ = {isa = PBXFileReference; lastKnownFileType = sourcecode.swift; path = AppDelegate.swift; sourceTree = "<group>"; };
		7E395E4726A7A6B2002758B7 /* SceneDelegate.swift */ = {isa = PBXFileReference; lastKnownFileType = sourcecode.swift; path = SceneDelegate.swift; sourceTree = "<group>"; };
		7E395E4926A7A6B2002758B7 /* ViewController.swift */ = {isa = PBXFileReference; lastKnownFileType = sourcecode.swift; path = ViewController.swift; sourceTree = "<group>"; };
		7E395E4C26A7A6B2002758B7 /* Base */ = {isa = PBXFileReference; lastKnownFileType = file.storyboard; name = Base; path = Base.lproj/Main.storyboard; sourceTree = "<group>"; };
		7E395E4E26A7A6B3002758B7 /* Assets.xcassets */ = {isa = PBXFileReference; lastKnownFileType = folder.assetcatalog; path = Assets.xcassets; sourceTree = "<group>"; };
		7E395E5126A7A6B3002758B7 /* Base */ = {isa = PBXFileReference; lastKnownFileType = file.storyboard; name = Base; path = Base.lproj/LaunchScreen.storyboard; sourceTree = "<group>"; };
		7E395E5326A7A6B3002758B7 /* Info.plist */ = {isa = PBXFileReference; lastKnownFileType = text.plist.xml; path = Info.plist; sourceTree = "<group>"; };
		7E395E5826A7A6B3002758B7 /* numberIDTests.xctest */ = {isa = PBXFileReference; explicitFileType = wrapper.cfbundle; includeInIndex = 0; path = numberIDTests.xctest; sourceTree = BUILT_PRODUCTS_DIR; };
		7E395E5C26A7A6B3002758B7 /* numberIDTests.swift */ = {isa = PBXFileReference; lastKnownFileType = sourcecode.swift; path = numberIDTests.swift; sourceTree = "<group>"; };
		7E395E5E26A7A6B3002758B7 /* Info.plist */ = {isa = PBXFileReference; lastKnownFileType = text.plist.xml; path = Info.plist; sourceTree = "<group>"; };
		7E395E6326A7A6B3002758B7 /* numberIDUITests.xctest */ = {isa = PBXFileReference; explicitFileType = wrapper.cfbundle; includeInIndex = 0; path = numberIDUITests.xctest; sourceTree = BUILT_PRODUCTS_DIR; };
		7E395E6726A7A6B3002758B7 /* numberIDUITests.swift */ = {isa = PBXFileReference; lastKnownFileType = sourcecode.swift; path = numberIDUITests.swift; sourceTree = "<group>"; };
		7E395E6926A7A6B3002758B7 /* Info.plist */ = {isa = PBXFileReference; lastKnownFileType = text.plist.xml; path = Info.plist; sourceTree = "<group>"; };
		7E395E7526A7AC0B002758B7 /* ResultViewController.swift */ = {isa = PBXFileReference; lastKnownFileType = sourcecode.swift; path = ResultViewController.swift; sourceTree = "<group>"; };
		89362282152513D38AC377A8 /* Pods-numberID-numberIDUITests.release.xcconfig */ = {isa = PBXFileReference; includeInIndex = 1; lastKnownFileType = text.xcconfig; name = "Pods-numberID-numberIDUITests.release.xcconfig"; path = "Target Support Files/Pods-numberID-numberIDUITests/Pods-numberID-numberIDUITests.release.xcconfig"; sourceTree = "<group>"; };
		DD7DF38E4550A6D975BCD1FC /* Pods_numberID_numberIDUITests.framework */ = {isa = PBXFileReference; explicitFileType = wrapper.framework; includeInIndex = 0; path = Pods_numberID_numberIDUITests.framework; sourceTree = BUILT_PRODUCTS_DIR; };
		FBE905B5AE14FEDCFC06BDE7 /* Pods_numberID.framework */ = {isa = PBXFileReference; explicitFileType = wrapper.framework; includeInIndex = 0; path = Pods_numberID.framework; sourceTree = BUILT_PRODUCTS_DIR; };
/* End PBXFileReference section */

/* Begin PBXFrameworksBuildPhase section */
		7E395E3F26A7A6B2002758B7 /* Frameworks */ = {
			isa = PBXFrameworksBuildPhase;
			buildActionMask = 2147483647;
			files = (
				B1050D2D8A1C453FA415DCB8 /* Pods_numberID.framework in Frameworks */,
			);
			runOnlyForDeploymentPostprocessing = 0;
		};
		7E395E5526A7A6B3002758B7 /* Frameworks */ = {
			isa = PBXFrameworksBuildPhase;
			buildActionMask = 2147483647;
			files = (
				EE336D60E38CDBDF635665E6 /* Pods_numberIDTests.framework in Frameworks */,
			);
			runOnlyForDeploymentPostprocessing = 0;
		};
		7E395E6026A7A6B3002758B7 /* Frameworks */ = {
			isa = PBXFrameworksBuildPhase;
			buildActionMask = 2147483647;
			files = (
				C84DB475D44FE466BD4FA170 /* Pods_numberID_numberIDUITests.framework in Frameworks */,
			);
			runOnlyForDeploymentPostprocessing = 0;
		};
/* End PBXFrameworksBuildPhase section */

/* Begin PBXGroup section */
		341DC8F3EFD173FB8481768B /* Pods */ = {
			isa = PBXGroup;
			children = (
				1E3E386FB77A00FA5F3D95D5 /* Pods-numberID.debug.xcconfig */,
				0005FB6FE636D85B0AF7D157 /* Pods-numberID.release.xcconfig */,
				0D136F0ED542DBBE43CFFB5D /* Pods-numberID-numberIDUITests.debug.xcconfig */,
				89362282152513D38AC377A8 /* Pods-numberID-numberIDUITests.release.xcconfig */,
				4F54B25CF6732BF96DA47045 /* Pods-numberIDTests.debug.xcconfig */,
				53B5B4706F3413A3E5D87DC6 /* Pods-numberIDTests.release.xcconfig */,
			);
			path = Pods;
			sourceTree = "<group>";
		};
		7E395E3926A7A6B2002758B7 = {
			isa = PBXGroup;
			children = (
				7E395E4426A7A6B2002758B7 /* numberID */,
				7E395E5B26A7A6B3002758B7 /* numberIDTests */,
				7E395E6626A7A6B3002758B7 /* numberIDUITests */,
				7E395E4326A7A6B2002758B7 /* Products */,
				341DC8F3EFD173FB8481768B /* Pods */,
				DF8914592C0540B3F78453C3 /* Frameworks */,
			);
			sourceTree = "<group>";
		};
		7E395E4326A7A6B2002758B7 /* Products */ = {
			isa = PBXGroup;
			children = (
				7E395E4226A7A6B2002758B7 /* numberID.app */,
				7E395E5826A7A6B3002758B7 /* numberIDTests.xctest */,
				7E395E6326A7A6B3002758B7 /* numberIDUITests.xctest */,
			);
			name = Products;
			sourceTree = "<group>";
		};
		7E395E4426A7A6B2002758B7 /* numberID */ = {
			isa = PBXGroup;
			children = (
				7E395E4526A7A6B2002758B7 /* AppDelegate.swift */,
				7E395E4726A7A6B2002758B7 /* SceneDelegate.swift */,
				7E395E4926A7A6B2002758B7 /* ViewController.swift */,
				7E395E4B26A7A6B2002758B7 /* Main.storyboard */,
				7E395E7526A7AC0B002758B7 /* ResultViewController.swift */,
				7E395E4E26A7A6B3002758B7 /* Assets.xcassets */,
				7E395E5026A7A6B3002758B7 /* LaunchScreen.storyboard */,
				7E395E5326A7A6B3002758B7 /* Info.plist */,
			);
			path = numberID;
			sourceTree = "<group>";
		};
		7E395E5B26A7A6B3002758B7 /* numberIDTests */ = {
			isa = PBXGroup;
			children = (
				7E395E5C26A7A6B3002758B7 /* numberIDTests.swift */,
				7E395E5E26A7A6B3002758B7 /* Info.plist */,
			);
			path = numberIDTests;
			sourceTree = "<group>";
		};
		7E395E6626A7A6B3002758B7 /* numberIDUITests */ = {
			isa = PBXGroup;
			children = (
				7E395E6726A7A6B3002758B7 /* numberIDUITests.swift */,
				7E395E6926A7A6B3002758B7 /* Info.plist */,
			);
			path = numberIDUITests;
			sourceTree = "<group>";
		};
		DF8914592C0540B3F78453C3 /* Frameworks */ = {
			isa = PBXGroup;
			children = (
				FBE905B5AE14FEDCFC06BDE7 /* Pods_numberID.framework */,
				DD7DF38E4550A6D975BCD1FC /* Pods_numberID_numberIDUITests.framework */,
				574A86CCF7494CD8356F8B29 /* Pods_numberIDTests.framework */,
			);
			name = Frameworks;
			sourceTree = "<group>";
		};
/* End PBXGroup section */

/* Begin PBXNativeTarget section */
		7E395E4126A7A6B2002758B7 /* numberID */ = {
			isa = PBXNativeTarget;
			buildConfigurationList = 7E395E6C26A7A6B3002758B7 /* Build configuration list for PBXNativeTarget "numberID" */;
			buildPhases = (
				91739D76C5721FBB0ABDED24 /* [CP] Check Pods Manifest.lock */,
				7E395E3E26A7A6B2002758B7 /* Sources */,
				7E395E3F26A7A6B2002758B7 /* Frameworks */,
				7E395E4026A7A6B2002758B7 /* Resources */,
				AD3F08013862134F3E1E74D1 /* [CP] Embed Pods Frameworks */,
			);
			buildRules = (
			);
			dependencies = (
			);
			name = numberID;
			productName = numberID;
			productReference = 7E395E4226A7A6B2002758B7 /* numberID.app */;
			productType = "com.apple.product-type.application";
		};
		7E395E5726A7A6B3002758B7 /* numberIDTests */ = {
			isa = PBXNativeTarget;
			buildConfigurationList = 7E395E6F26A7A6B3002758B7 /* Build configuration list for PBXNativeTarget "numberIDTests" */;
			buildPhases = (
				9B3982FA6E644BEFD3FF6F3C /* [CP] Check Pods Manifest.lock */,
				7E395E5426A7A6B3002758B7 /* Sources */,
				7E395E5526A7A6B3002758B7 /* Frameworks */,
				7E395E5626A7A6B3002758B7 /* Resources */,
			);
			buildRules = (
			);
			dependencies = (
				7E395E5A26A7A6B3002758B7 /* PBXTargetDependency */,
			);
			name = numberIDTests;
			productName = numberIDTests;
			productReference = 7E395E5826A7A6B3002758B7 /* numberIDTests.xctest */;
			productType = "com.apple.product-type.bundle.unit-test";
		};
		7E395E6226A7A6B3002758B7 /* numberIDUITests */ = {
			isa = PBXNativeTarget;
			buildConfigurationList = 7E395E7226A7A6B3002758B7 /* Build configuration list for PBXNativeTarget "numberIDUITests" */;
			buildPhases = (
				C0D8FDD91D02C405BD3979BD /* [CP] Check Pods Manifest.lock */,
				7E395E5F26A7A6B3002758B7 /* Sources */,
				7E395E6026A7A6B3002758B7 /* Frameworks */,
				7E395E6126A7A6B3002758B7 /* Resources */,
				0504104A7E85C43A64D097CE /* [CP] Embed Pods Frameworks */,
			);
			buildRules = (
			);
			dependencies = (
				7E395E6526A7A6B3002758B7 /* PBXTargetDependency */,
			);
			name = numberIDUITests;
			productName = numberIDUITests;
			productReference = 7E395E6326A7A6B3002758B7 /* numberIDUITests.xctest */;
			productType = "com.apple.product-type.bundle.ui-testing";
		};
/* End PBXNativeTarget section */

/* Begin PBXProject section */
		7E395E3A26A7A6B2002758B7 /* Project object */ = {
			isa = PBXProject;
			attributes = {
				LastSwiftUpdateCheck = 1250;
				LastUpgradeCheck = 1250;
				TargetAttributes = {
					7E395E4126A7A6B2002758B7 = {
						CreatedOnToolsVersion = 12.5.1;
					};
					7E395E5726A7A6B3002758B7 = {
						CreatedOnToolsVersion = 12.5.1;
						TestTargetID = 7E395E4126A7A6B2002758B7;
					};
					7E395E6226A7A6B3002758B7 = {
						CreatedOnToolsVersion = 12.5.1;
						TestTargetID = 7E395E4126A7A6B2002758B7;
					};
				};
			};
			buildConfigurationList = 7E395E3D26A7A6B2002758B7 /* Build configuration list for PBXProject "numberID" */;
			compatibilityVersion = "Xcode 9.3";
			developmentRegion = en;
			hasScannedForEncodings = 0;
			knownRegions = (
				en,
				Base,
			);
			mainGroup = 7E395E3926A7A6B2002758B7;
			productRefGroup = 7E395E4326A7A6B2002758B7 /* Products */;
			projectDirPath = "";
			projectRoot = "";
			targets = (
				7E395E4126A7A6B2002758B7 /* numberID */,
				7E395E5726A7A6B3002758B7 /* numberIDTests */,
				7E395E6226A7A6B3002758B7 /* numberIDUITests */,
			);
		};
/* End PBXProject section */

/* Begin PBXResourcesBuildPhase section */
		7E395E4026A7A6B2002758B7 /* Resources */ = {
			isa = PBXResourcesBuildPhase;
			buildActionMask = 2147483647;
			files = (
				7E395E5226A7A6B3002758B7 /* LaunchScreen.storyboard in Resources */,
				7E395E4F26A7A6B3002758B7 /* Assets.xcassets in Resources */,
				7E395E4D26A7A6B2002758B7 /* Main.storyboard in Resources */,
			);
			runOnlyForDeploymentPostprocessing = 0;
		};
		7E395E5626A7A6B3002758B7 /* Resources */ = {
			isa = PBXResourcesBuildPhase;
			buildActionMask = 2147483647;
			files = (
			);
			runOnlyForDeploymentPostprocessing = 0;
		};
		7E395E6126A7A6B3002758B7 /* Resources */ = {
			isa = PBXResourcesBuildPhase;
			buildActionMask = 2147483647;
			files = (
			);
			runOnlyForDeploymentPostprocessing = 0;
		};
/* End PBXResourcesBuildPhase section */

/* Begin PBXShellScriptBuildPhase section */
		0504104A7E85C43A64D097CE /* [CP] Embed Pods Frameworks */ = {
			isa = PBXShellScriptBuildPhase;
			buildActionMask = 2147483647;
			files = (
			);
			inputFileListPaths = (
				"${PODS_ROOT}/Target Support Files/Pods-numberID-numberIDUITests/Pods-numberID-numberIDUITests-frameworks-${CONFIGURATION}-input-files.xcfilelist",
			);
			name = "[CP] Embed Pods Frameworks";
			outputFileListPaths = (
				"${PODS_ROOT}/Target Support Files/Pods-numberID-numberIDUITests/Pods-numberID-numberIDUITests-frameworks-${CONFIGURATION}-output-files.xcfilelist",
			);
			runOnlyForDeploymentPostprocessing = 0;
			shellPath = /bin/sh;
			shellScript = "\"${PODS_ROOT}/Target Support Files/Pods-numberID-numberIDUITests/Pods-numberID-numberIDUITests-frameworks.sh\"\n";
			showEnvVarsInLog = 0;
		};
		91739D76C5721FBB0ABDED24 /* [CP] Check Pods Manifest.lock */ = {
			isa = PBXShellScriptBuildPhase;
			buildActionMask = 2147483647;
			files = (
			);
			inputFileListPaths = (
			);
			inputPaths = (
				"${PODS_PODFILE_DIR_PATH}/Podfile.lock",
				"${PODS_ROOT}/Manifest.lock",
			);
			name = "[CP] Check Pods Manifest.lock";
			outputFileListPaths = (
			);
			outputPaths = (
				"$(DERIVED_FILE_DIR)/Pods-numberID-checkManifestLockResult.txt",
			);
			runOnlyForDeploymentPostprocessing = 0;
			shellPath = /bin/sh;
			shellScript = "diff \"${PODS_PODFILE_DIR_PATH}/Podfile.lock\" \"${PODS_ROOT}/Manifest.lock\" > /dev/null\nif [ $? != 0 ] ; then\n    # print error to STDERR\n    echo \"error: The sandbox is not in sync with the Podfile.lock. Run 'pod install' or update your CocoaPods installation.\" >&2\n    exit 1\nfi\n# This output is used by Xcode 'outputs' to avoid re-running this script phase.\necho \"SUCCESS\" > \"${SCRIPT_OUTPUT_FILE_0}\"\n";
			showEnvVarsInLog = 0;
		};
		9B3982FA6E644BEFD3FF6F3C /* [CP] Check Pods Manifest.lock */ = {
			isa = PBXShellScriptBuildPhase;
			buildActionMask = 2147483647;
			files = (
			);
			inputFileListPaths = (
			);
			inputPaths = (
				"${PODS_PODFILE_DIR_PATH}/Podfile.lock",
				"${PODS_ROOT}/Manifest.lock",
			);
			name = "[CP] Check Pods Manifest.lock";
			outputFileListPaths = (
			);
			outputPaths = (
				"$(DERIVED_FILE_DIR)/Pods-numberIDTests-checkManifestLockResult.txt",
			);
			runOnlyForDeploymentPostprocessing = 0;
			shellPath = /bin/sh;
			shellScript = "diff \"${PODS_PODFILE_DIR_PATH}/Podfile.lock\" \"${PODS_ROOT}/Manifest.lock\" > /dev/null\nif [ $? != 0 ] ; then\n    # print error to STDERR\n    echo \"error: The sandbox is not in sync with the Podfile.lock. Run 'pod install' or update your CocoaPods installation.\" >&2\n    exit 1\nfi\n# This output is used by Xcode 'outputs' to avoid re-running this script phase.\necho \"SUCCESS\" > \"${SCRIPT_OUTPUT_FILE_0}\"\n";
			showEnvVarsInLog = 0;
		};
		AD3F08013862134F3E1E74D1 /* [CP] Embed Pods Frameworks */ = {
			isa = PBXShellScriptBuildPhase;
			buildActionMask = 2147483647;
			files = (
			);
			inputFileListPaths = (
				"${PODS_ROOT}/Target Support Files/Pods-numberID/Pods-numberID-frameworks-${CONFIGURATION}-input-files.xcfilelist",
			);
			name = "[CP] Embed Pods Frameworks";
			outputFileListPaths = (
				"${PODS_ROOT}/Target Support Files/Pods-numberID/Pods-numberID-frameworks-${CONFIGURATION}-output-files.xcfilelist",
			);
			runOnlyForDeploymentPostprocessing = 0;
			shellPath = /bin/sh;
			shellScript = "\"${PODS_ROOT}/Target Support Files/Pods-numberID/Pods-numberID-frameworks.sh\"\n";
			showEnvVarsInLog = 0;
		};
		C0D8FDD91D02C405BD3979BD /* [CP] Check Pods Manifest.lock */ = {
			isa = PBXShellScriptBuildPhase;
			buildActionMask = 2147483647;
			files = (
			);
			inputFileListPaths = (
			);
			inputPaths = (
				"${PODS_PODFILE_DIR_PATH}/Podfile.lock",
				"${PODS_ROOT}/Manifest.lock",
			);
			name = "[CP] Check Pods Manifest.lock";
			outputFileListPaths = (
			);
			outputPaths = (
				"$(DERIVED_FILE_DIR)/Pods-numberID-numberIDUITests-checkManifestLockResult.txt",
			);
			runOnlyForDeploymentPostprocessing = 0;
			shellPath = /bin/sh;
			shellScript = "diff \"${PODS_PODFILE_DIR_PATH}/Podfile.lock\" \"${PODS_ROOT}/Manifest.lock\" > /dev/null\nif [ $? != 0 ] ; then\n    # print error to STDERR\n    echo \"error: The sandbox is not in sync with the Podfile.lock. Run 'pod install' or update your CocoaPods installation.\" >&2\n    exit 1\nfi\n# This output is used by Xcode 'outputs' to avoid re-running this script phase.\necho \"SUCCESS\" > \"${SCRIPT_OUTPUT_FILE_0}\"\n";
			showEnvVarsInLog = 0;
		};
/* End PBXShellScriptBuildPhase section */

/* Begin PBXSourcesBuildPhase section */
		7E395E3E26A7A6B2002758B7 /* Sources */ = {
			isa = PBXSourcesBuildPhase;
			buildActionMask = 2147483647;
			files = (
				7E395E4A26A7A6B2002758B7 /* ViewController.swift in Sources */,
				7E395E4626A7A6B2002758B7 /* AppDelegate.swift in Sources */,
				7E395E4826A7A6B2002758B7 /* SceneDelegate.swift in Sources */,
				7E395E7626A7AC0B002758B7 /* ResultViewController.swift in Sources */,
			);
			runOnlyForDeploymentPostprocessing = 0;
		};
		7E395E5426A7A6B3002758B7 /* Sources */ = {
			isa = PBXSourcesBuildPhase;
			buildActionMask = 2147483647;
			files = (
				7E395E5D26A7A6B3002758B7 /* numberIDTests.swift in Sources */,
			);
			runOnlyForDeploymentPostprocessing = 0;
		};
		7E395E5F26A7A6B3002758B7 /* Sources */ = {
			isa = PBXSourcesBuildPhase;
			buildActionMask = 2147483647;
			files = (
				7E395E6826A7A6B3002758B7 /* numberIDUITests.swift in Sources */,
			);
			runOnlyForDeploymentPostprocessing = 0;
		};
/* End PBXSourcesBuildPhase section */

/* Begin PBXTargetDependency section */
		7E395E5A26A7A6B3002758B7 /* PBXTargetDependency */ = {
			isa = PBXTargetDependency;
			target = 7E395E4126A7A6B2002758B7 /* numberID */;
			targetProxy = 7E395E5926A7A6B3002758B7 /* PBXContainerItemProxy */;
		};
		7E395E6526A7A6B3002758B7 /* PBXTargetDependency */ = {
			isa = PBXTargetDependency;
			target = 7E395E4126A7A6B2002758B7 /* numberID */;
			targetProxy = 7E395E6426A7A6B3002758B7 /* PBXContainerItemProxy */;
		};
/* End PBXTargetDependency section */

/* Begin PBXVariantGroup section */
		7E395E4B26A7A6B2002758B7 /* Main.storyboard */ = {
			isa = PBXVariantGroup;
			children = (
				7E395E4C26A7A6B2002758B7 /* Base */,
			);
			name = Main.storyboard;
			sourceTree = "<group>";
		};
		7E395E5026A7A6B3002758B7 /* LaunchScreen.storyboard */ = {
			isa = PBXVariantGroup;
			children = (
				7E395E5126A7A6B3002758B7 /* Base */,
			);
			name = LaunchScreen.storyboard;
			sourceTree = "<group>";
		};
/* End PBXVariantGroup section */

/* Begin XCBuildConfiguration section */
		7E395E6A26A7A6B3002758B7 /* Debug */ = {
			isa = XCBuildConfiguration;
			buildSettings = {
				ALWAYS_SEARCH_USER_PATHS = NO;
				CLANG_ANALYZER_NONNULL = YES;
				CLANG_ANALYZER_NUMBER_OBJECT_CONVERSION = YES_AGGRESSIVE;
				CLANG_CXX_LANGUAGE_STANDARD = "gnu++14";
				CLANG_CXX_LIBRARY = "libc++";
				CLANG_ENABLE_MODULES = YES;
				CLANG_ENABLE_OBJC_ARC = YES;
				CLANG_ENABLE_OBJC_WEAK = YES;
				CLANG_WARN_BLOCK_CAPTURE_AUTORELEASING = YES;
				CLANG_WARN_BOOL_CONVERSION = YES;
				CLANG_WARN_COMMA = YES;
				CLANG_WARN_CONSTANT_CONVERSION = YES;
				CLANG_WARN_DEPRECATED_OBJC_IMPLEMENTATIONS = YES;
				CLANG_WARN_DIRECT_OBJC_ISA_USAGE = YES_ERROR;
				CLANG_WARN_DOCUMENTATION_COMMENTS = YES;
				CLANG_WARN_EMPTY_BODY = YES;
				CLANG_WARN_ENUM_CONVERSION = YES;
				CLANG_WARN_INFINITE_RECURSION = YES;
				CLANG_WARN_INT_CONVERSION = YES;
				CLANG_WARN_NON_LITERAL_NULL_CONVERSION = YES;
				CLANG_WARN_OBJC_IMPLICIT_RETAIN_SELF = YES;
				CLANG_WARN_OBJC_LITERAL_CONVERSION = YES;
				CLANG_WARN_OBJC_ROOT_CLASS = YES_ERROR;
				CLANG_WARN_QUOTED_INCLUDE_IN_FRAMEWORK_HEADER = YES;
				CLANG_WARN_RANGE_LOOP_ANALYSIS = YES;
				CLANG_WARN_STRICT_PROTOTYPES = YES;
				CLANG_WARN_SUSPICIOUS_MOVE = YES;
				CLANG_WARN_UNGUARDED_AVAILABILITY = YES_AGGRESSIVE;
				CLANG_WARN_UNREACHABLE_CODE = YES;
				CLANG_WARN__DUPLICATE_METHOD_MATCH = YES;
				COPY_PHASE_STRIP = NO;
				DEBUG_INFORMATION_FORMAT = dwarf;
				ENABLE_STRICT_OBJC_MSGSEND = YES;
				ENABLE_TESTABILITY = YES;
				GCC_C_LANGUAGE_STANDARD = gnu11;
				GCC_DYNAMIC_NO_PIC = NO;
				GCC_NO_COMMON_BLOCKS = YES;
				GCC_OPTIMIZATION_LEVEL = 0;
				GCC_PREPROCESSOR_DEFINITIONS = (
					"DEBUG=1",
					"$(inherited)",
				);
				GCC_WARN_64_TO_32_BIT_CONVERSION = YES;
				GCC_WARN_ABOUT_RETURN_TYPE = YES_ERROR;
				GCC_WARN_UNDECLARED_SELECTOR = YES;
				GCC_WARN_UNINITIALIZED_AUTOS = YES_AGGRESSIVE;
				GCC_WARN_UNUSED_FUNCTION = YES;
				GCC_WARN_UNUSED_VARIABLE = YES;
				IPHONEOS_DEPLOYMENT_TARGET = 14.5;
				MTL_ENABLE_DEBUG_INFO = INCLUDE_SOURCE;
				MTL_FAST_MATH = YES;
				ONLY_ACTIVE_ARCH = YES;
				SDKROOT = iphoneos;
				SWIFT_ACTIVE_COMPILATION_CONDITIONS = DEBUG;
				SWIFT_OPTIMIZATION_LEVEL = "-Onone";
			};
			name = Debug;
		};
		7E395E6B26A7A6B3002758B7 /* Release */ = {
			isa = XCBuildConfiguration;
			buildSettings = {
				ALWAYS_SEARCH_USER_PATHS = NO;
				CLANG_ANALYZER_NONNULL = YES;
				CLANG_ANALYZER_NUMBER_OBJECT_CONVERSION = YES_AGGRESSIVE;
				CLANG_CXX_LANGUAGE_STANDARD = "gnu++14";
				CLANG_CXX_LIBRARY = "libc++";
				CLANG_ENABLE_MODULES = YES;
				CLANG_ENABLE_OBJC_ARC = YES;
				CLANG_ENABLE_OBJC_WEAK = YES;
				CLANG_WARN_BLOCK_CAPTURE_AUTORELEASING = YES;
				CLANG_WARN_BOOL_CONVERSION = YES;
				CLANG_WARN_COMMA = YES;
				CLANG_WARN_CONSTANT_CONVERSION = YES;
				CLANG_WARN_DEPRECATED_OBJC_IMPLEMENTATIONS = YES;
				CLANG_WARN_DIRECT_OBJC_ISA_USAGE = YES_ERROR;
				CLANG_WARN_DOCUMENTATION_COMMENTS = YES;
				CLANG_WARN_EMPTY_BODY = YES;
				CLANG_WARN_ENUM_CONVERSION = YES;
				CLANG_WARN_INFINITE_RECURSION = YES;
				CLANG_WARN_INT_CONVERSION = YES;
				CLANG_WARN_NON_LITERAL_NULL_CONVERSION = YES;
				CLANG_WARN_OBJC_IMPLICIT_RETAIN_SELF = YES;
				CLANG_WARN_OBJC_LITERAL_CONVERSION = YES;
				CLANG_WARN_OBJC_ROOT_CLASS = YES_ERROR;
				CLANG_WARN_QUOTED_INCLUDE_IN_FRAMEWORK_HEADER = YES;
				CLANG_WARN_RANGE_LOOP_ANALYSIS = YES;
				CLANG_WARN_STRICT_PROTOTYPES = YES;
				CLANG_WARN_SUSPICIOUS_MOVE = YES;
				CLANG_WARN_UNGUARDED_AVAILABILITY = YES_AGGRESSIVE;
				CLANG_WARN_UNREACHABLE_CODE = YES;
				CLANG_WARN__DUPLICATE_METHOD_MATCH = YES;
				COPY_PHASE_STRIP = NO;
				DEBUG_INFORMATION_FORMAT = "dwarf-with-dsym";
				ENABLE_NS_ASSERTIONS = NO;
				ENABLE_STRICT_OBJC_MSGSEND = YES;
				GCC_C_LANGUAGE_STANDARD = gnu11;
				GCC_NO_COMMON_BLOCKS = YES;
				GCC_WARN_64_TO_32_BIT_CONVERSION = YES;
				GCC_WARN_ABOUT_RETURN_TYPE = YES_ERROR;
				GCC_WARN_UNDECLARED_SELECTOR = YES;
				GCC_WARN_UNINITIALIZED_AUTOS = YES_AGGRESSIVE;
				GCC_WARN_UNUSED_FUNCTION = YES;
				GCC_WARN_UNUSED_VARIABLE = YES;
				IPHONEOS_DEPLOYMENT_TARGET = 14.5;
				MTL_ENABLE_DEBUG_INFO = NO;
				MTL_FAST_MATH = YES;
				SDKROOT = iphoneos;
				SWIFT_COMPILATION_MODE = wholemodule;
				SWIFT_OPTIMIZATION_LEVEL = "-O";
				VALIDATE_PRODUCT = YES;
			};
			name = Release;
		};
		7E395E6D26A7A6B3002758B7 /* Debug */ = {
			isa = XCBuildConfiguration;
			baseConfigurationReference = 1E3E386FB77A00FA5F3D95D5 /* Pods-numberID.debug.xcconfig */;
			buildSettings = {
				ASSETCATALOG_COMPILER_APPICON_NAME = AppIcon;
				ASSETCATALOG_COMPILER_GLOBAL_ACCENT_COLOR_NAME = AccentColor;
				CODE_SIGN_STYLE = Automatic;
				DEVELOPMENT_TEAM = 4SBFKEGD7C;
				INFOPLIST_FILE = numberID/Info.plist;
				LD_RUNPATH_SEARCH_PATHS = (
					"$(inherited)",
					"@executable_path/Frameworks",
				);
				PRODUCT_BUNDLE_IDENTIFIER = verifiedly.numberID;
				PRODUCT_NAME = "$(TARGET_NAME)";
				SWIFT_VERSION = 5.0;
				TARGETED_DEVICE_FAMILY = "1,2";
			};
			name = Debug;
		};
		7E395E6E26A7A6B3002758B7 /* Release */ = {
			isa = XCBuildConfiguration;
			baseConfigurationReference = 0005FB6FE636D85B0AF7D157 /* Pods-numberID.release.xcconfig */;
			buildSettings = {
				ASSETCATALOG_COMPILER_APPICON_NAME = AppIcon;
				ASSETCATALOG_COMPILER_GLOBAL_ACCENT_COLOR_NAME = AccentColor;
				CODE_SIGN_STYLE = Automatic;
				DEVELOPMENT_TEAM = 4SBFKEGD7C;
				INFOPLIST_FILE = numberID/Info.plist;
				LD_RUNPATH_SEARCH_PATHS = (
					"$(inherited)",
					"@executable_path/Frameworks",
				);
				PRODUCT_BUNDLE_IDENTIFIER = verifiedly.numberID;
				PRODUCT_NAME = "$(TARGET_NAME)";
				SWIFT_VERSION = 5.0;
				TARGETED_DEVICE_FAMILY = "1,2";
			};
			name = Release;
		};
		7E395E7026A7A6B3002758B7 /* Debug */ = {
			isa = XCBuildConfiguration;
			baseConfigurationReference = 4F54B25CF6732BF96DA47045 /* Pods-numberIDTests.debug.xcconfig */;
			buildSettings = {
				ALWAYS_EMBED_SWIFT_STANDARD_LIBRARIES = YES;
				BUNDLE_LOADER = "$(TEST_HOST)";
				CODE_SIGN_STYLE = Automatic;
				DEVELOPMENT_TEAM = 4SBFKEGD7C;
				INFOPLIST_FILE = numberIDTests/Info.plist;
				IPHONEOS_DEPLOYMENT_TARGET = 14.5;
				LD_RUNPATH_SEARCH_PATHS = (
					"$(inherited)",
					"@executable_path/Frameworks",
					"@loader_path/Frameworks",
				);
				PRODUCT_BUNDLE_IDENTIFIER = verifiedly.numberIDTests;
				PRODUCT_NAME = "$(TARGET_NAME)";
				SWIFT_VERSION = 5.0;
				TARGETED_DEVICE_FAMILY = "1,2";
				TEST_HOST = "$(BUILT_PRODUCTS_DIR)/numberID.app/numberID";
			};
			name = Debug;
		};
		7E395E7126A7A6B3002758B7 /* Release */ = {
			isa = XCBuildConfiguration;
			baseConfigurationReference = 53B5B4706F3413A3E5D87DC6 /* Pods-numberIDTests.release.xcconfig */;
			buildSettings = {
				ALWAYS_EMBED_SWIFT_STANDARD_LIBRARIES = YES;
				BUNDLE_LOADER = "$(TEST_HOST)";
				CODE_SIGN_STYLE = Automatic;
				DEVELOPMENT_TEAM = 4SBFKEGD7C;
				INFOPLIST_FILE = numberIDTests/Info.plist;
				IPHONEOS_DEPLOYMENT_TARGET = 14.5;
				LD_RUNPATH_SEARCH_PATHS = (
					"$(inherited)",
					"@executable_path/Frameworks",
					"@loader_path/Frameworks",
				);
				PRODUCT_BUNDLE_IDENTIFIER = verifiedly.numberIDTests;
				PRODUCT_NAME = "$(TARGET_NAME)";
				SWIFT_VERSION = 5.0;
				TARGETED_DEVICE_FAMILY = "1,2";
				TEST_HOST = "$(BUILT_PRODUCTS_DIR)/numberID.app/numberID";
			};
			name = Release;
		};
		7E395E7326A7A6B3002758B7 /* Debug */ = {
			isa = XCBuildConfiguration;
			baseConfigurationReference = 0D136F0ED542DBBE43CFFB5D /* Pods-numberID-numberIDUITests.debug.xcconfig */;
			buildSettings = {
				ALWAYS_EMBED_SWIFT_STANDARD_LIBRARIES = YES;
				CODE_SIGN_STYLE = Automatic;
				DEVELOPMENT_TEAM = 4SBFKEGD7C;
				INFOPLIST_FILE = numberIDUITests/Info.plist;
				LD_RUNPATH_SEARCH_PATHS = (
					"$(inherited)",
					"@executable_path/Frameworks",
					"@loader_path/Frameworks",
				);
				PRODUCT_BUNDLE_IDENTIFIER = verifiedly.numberIDUITests;
				PRODUCT_NAME = "$(TARGET_NAME)";
				SWIFT_VERSION = 5.0;
				TARGETED_DEVICE_FAMILY = "1,2";
				TEST_TARGET_NAME = numberID;
			};
			name = Debug;
		};
		7E395E7426A7A6B3002758B7 /* Release */ = {
			isa = XCBuildConfiguration;
			baseConfigurationReference = 89362282152513D38AC377A8 /* Pods-numberID-numberIDUITests.release.xcconfig */;
			buildSettings = {
				ALWAYS_EMBED_SWIFT_STANDARD_LIBRARIES = YES;
				CODE_SIGN_STYLE = Automatic;
				DEVELOPMENT_TEAM = 4SBFKEGD7C;
				INFOPLIST_FILE = numberIDUITests/Info.plist;
				LD_RUNPATH_SEARCH_PATHS = (
					"$(inherited)",
					"@executable_path/Frameworks",
					"@loader_path/Frameworks",
				);
				PRODUCT_BUNDLE_IDENTIFIER = verifiedly.numberIDUITests;
				PRODUCT_NAME = "$(TARGET_NAME)";
				SWIFT_VERSION = 5.0;
				TARGETED_DEVICE_FAMILY = "1,2";
				TEST_TARGET_NAME = numberID;
			};
			name = Release;
		};
/* End XCBuildConfiguration section */

/* Begin XCConfigurationList section */
		7E395E3D26A7A6B2002758B7 /* Build configuration list for PBXProject "numberID" */ = {
			isa = XCConfigurationList;
			buildConfigurations = (
				7E395E6A26A7A6B3002758B7 /* Debug */,
				7E395E6B26A7A6B3002758B7 /* Release */,
			);
			defaultConfigurationIsVisible = 0;
			defaultConfigurationName = Release;
		};
		7E395E6C26A7A6B3002758B7 /* Build configuration list for PBXNativeTarget "numberID" */ = {
			isa = XCConfigurationList;
			buildConfigurations = (
				7E395E6D26A7A6B3002758B7 /* Debug */,
				7E395E6E26A7A6B3002758B7 /* Release */,
			);
			defaultConfigurationIsVisible = 0;
			defaultConfigurationName = Release;
		};
		7E395E6F26A7A6B3002758B7 /* Build configuration list for PBXNativeTarget "numberIDTests" */ = {
			isa = XCConfigurationList;
			buildConfigurations = (
				7E395E7026A7A6B3002758B7 /* Debug */,
				7E395E7126A7A6B3002758B7 /* Release */,
			);
			defaultConfigurationIsVisible = 0;
			defaultConfigurationName = Release;
		};
		7E395E7226A7A6B3002758B7 /* Build configuration list for PBXNativeTarget "numberIDUITests" */ = {
			isa = XCConfigurationList;
			buildConfigurations = (
				7E395E7326A7A6B3002758B7 /* Debug */,
				7E395E7426A7A6B3002758B7 /* Release */,
			);
			defaultConfigurationIsVisible = 0;
			defaultConfigurationName = Release;
		};
/* End XCConfigurationList section */
	};
	rootObject = 7E395E3A26A7A6B2002758B7 /* Project object */;
}
